// !$*UTF8*$!
{
	archiveVersion = 1;
	classes = {
	};
	objectVersion = 51;
	objects = {

/* Begin PBXBuildFile section */
		1E5A90392568A37400A6EDB3 /* GoogleService-Info.plist in Resources */ = {isa = PBXBuildFile; fileRef = 1E5A90382568A37400A6EDB3 /* GoogleService-Info.plist */; };
		1E5A90422568AA1A00A6EDB3 /* DatabaseManager.swift in Sources */ = {isa = PBXBuildFile; fileRef = 1E5A90412568AA1A00A6EDB3 /* DatabaseManager.swift */; };
		1E5A90472568AACA00A6EDB3 /* AuthManager.swift in Sources */ = {isa = PBXBuildFile; fileRef = 1E5A90462568AACA00A6EDB3 /* AuthManager.swift */; };
		1E5A904C2568AAFB00A6EDB3 /* StorageManager.swift in Sources */ = {isa = PBXBuildFile; fileRef = 1E5A904B2568AAFB00A6EDB3 /* StorageManager.swift */; };
		1E5A90692568AFC600A6EDB3 /* Extensions.swift in Sources */ = {isa = PBXBuildFile; fileRef = 1E5A90682568AFC600A6EDB3 /* Extensions.swift */; };
		1E683F8F256895DF00921754 /* AppDelegate.swift in Sources */ = {isa = PBXBuildFile; fileRef = 1E683F8E256895DF00921754 /* AppDelegate.swift */; };
		1E683F91256895DF00921754 /* SceneDelegate.swift in Sources */ = {isa = PBXBuildFile; fileRef = 1E683F90256895DF00921754 /* SceneDelegate.swift */; };
		1E683F93256895DF00921754 /* HomeViewController.swift in Sources */ = {isa = PBXBuildFile; fileRef = 1E683F92256895DF00921754 /* HomeViewController.swift */; };
		1E683F96256895DF00921754 /* Main.storyboard in Resources */ = {isa = PBXBuildFile; fileRef = 1E683F94256895DF00921754 /* Main.storyboard */; };
		1E683F98256895E200921754 /* Assets.xcassets in Resources */ = {isa = PBXBuildFile; fileRef = 1E683F97256895E200921754 /* Assets.xcassets */; };
		1E683F9B256895E200921754 /* LaunchScreen.storyboard in Resources */ = {isa = PBXBuildFile; fileRef = 1E683F99256895E200921754 /* LaunchScreen.storyboard */; };
		1E683FA6256895E200921754 /* InstagramTests.swift in Sources */ = {isa = PBXBuildFile; fileRef = 1E683FA5256895E200921754 /* InstagramTests.swift */; };
		1E683FB1256895E200921754 /* InstagramUITests.swift in Sources */ = {isa = PBXBuildFile; fileRef = 1E683FB0256895E200921754 /* InstagramUITests.swift */; };
		1E683FCA2568971600921754 /* ExploreViewController.swift in Sources */ = {isa = PBXBuildFile; fileRef = 1E683FC92568971600921754 /* ExploreViewController.swift */; };
		1E683FCF2568972400921754 /* CameraViewController.swift in Sources */ = {isa = PBXBuildFile; fileRef = 1E683FCE2568972400921754 /* CameraViewController.swift */; };
		1E683FD42568973400921754 /* NotificationViewController.swift in Sources */ = {isa = PBXBuildFile; fileRef = 1E683FD32568973400921754 /* NotificationViewController.swift */; };
		1E683FDD256897AC00921754 /* ProfileViewController.swift in Sources */ = {isa = PBXBuildFile; fileRef = 1E683FDC256897AC00921754 /* ProfileViewController.swift */; };
		1E683FE4256897D100921754 /* LoginViewController.swift in Sources */ = {isa = PBXBuildFile; fileRef = 1E683FE3256897D100921754 /* LoginViewController.swift */; };
		1E683FEC256897DE00921754 /* RegistrationViewController.swift in Sources */ = {isa = PBXBuildFile; fileRef = 1E683FEB256897DE00921754 /* RegistrationViewController.swift */; };
		1E683FF12568980900921754 /* PostViewController.swift in Sources */ = {isa = PBXBuildFile; fileRef = 1E683FF02568980900921754 /* PostViewController.swift */; };
		1E683FF62568983000921754 /* EditProfileViewController.swift in Sources */ = {isa = PBXBuildFile; fileRef = 1E683FF52568983000921754 /* EditProfileViewController.swift */; };
		1E683FFB2568983B00921754 /* SettingsViewController.swift in Sources */ = {isa = PBXBuildFile; fileRef = 1E683FFA2568983B00921754 /* SettingsViewController.swift */; };
		1E6840002568984900921754 /* ListViewController.swift in Sources */ = {isa = PBXBuildFile; fileRef = 1E683FFF2568984900921754 /* ListViewController.swift */; };
		1E6840052568985C00921754 /* SearchViewController.swift in Sources */ = {isa = PBXBuildFile; fileRef = 1E6840042568985C00921754 /* SearchViewController.swift */; };
		1E68400A2568986800921754 /* SearchResultViewController.swift in Sources */ = {isa = PBXBuildFile; fileRef = 1E6840092568986800921754 /* SearchResultViewController.swift */; };
		1E68400F2568988F00921754 /* PostEditorViewController.swift in Sources */ = {isa = PBXBuildFile; fileRef = 1E68400E2568988F00921754 /* PostEditorViewController.swift */; };
		1E6840142568989A00921754 /* PublishPostViewController.swift in Sources */ = {isa = PBXBuildFile; fileRef = 1E6840132568989A00921754 /* PublishPostViewController.swift */; };
		6B50A4A8410958E83F10AEB6 /* Pods_Instagram.framework in Frameworks */ = {isa = PBXBuildFile; fileRef = A3B6BD2845E6DD296F0664DC /* Pods_Instagram.framework */; };
		C283913B50CA91128C0D8EC9 /* Pods_Instagram_InstagramUITests.framework in Frameworks */ = {isa = PBXBuildFile; fileRef = FBBB9983AEA3692753168245 /* Pods_Instagram_InstagramUITests.framework */; };
		EBDF94D58D1510F44F19B5E3 /* Pods_InstagramTests.framework in Frameworks */ = {isa = PBXBuildFile; fileRef = 2D31C0E9ABA4E08BF2E6B46B /* Pods_InstagramTests.framework */; };
/* End PBXBuildFile section */

/* Begin PBXContainerItemProxy section */
		1E683FA2256895E200921754 /* PBXContainerItemProxy */ = {
			isa = PBXContainerItemProxy;
			containerPortal = 1E683F83256895DF00921754 /* Project object */;
			proxyType = 1;
			remoteGlobalIDString = 1E683F8A256895DF00921754;
			remoteInfo = Instagram;
		};
		1E683FAD256895E200921754 /* PBXContainerItemProxy */ = {
			isa = PBXContainerItemProxy;
			containerPortal = 1E683F83256895DF00921754 /* Project object */;
			proxyType = 1;
			remoteGlobalIDString = 1E683F8A256895DF00921754;
			remoteInfo = Instagram;
		};
/* End PBXContainerItemProxy section */

/* Begin PBXFileReference section */
		1E5A90382568A37400A6EDB3 /* GoogleService-Info.plist */ = {isa = PBXFileReference; fileEncoding = 4; lastKnownFileType = text.plist.xml; path = "GoogleService-Info.plist"; sourceTree = "<group>"; };
		1E5A90412568AA1A00A6EDB3 /* DatabaseManager.swift */ = {isa = PBXFileReference; lastKnownFileType = sourcecode.swift; path = DatabaseManager.swift; sourceTree = "<group>"; };
		1E5A90462568AACA00A6EDB3 /* AuthManager.swift */ = {isa = PBXFileReference; lastKnownFileType = sourcecode.swift; path = AuthManager.swift; sourceTree = "<group>"; };
		1E5A904B2568AAFB00A6EDB3 /* StorageManager.swift */ = {isa = PBXFileReference; lastKnownFileType = sourcecode.swift; path = StorageManager.swift; sourceTree = "<group>"; };
		1E5A90682568AFC600A6EDB3 /* Extensions.swift */ = {isa = PBXFileReference; lastKnownFileType = sourcecode.swift; path = Extensions.swift; sourceTree = "<group>"; };
		1E683F8B256895DF00921754 /* Instagram.app */ = {isa = PBXFileReference; explicitFileType = wrapper.application; includeInIndex = 0; path = Instagram.app; sourceTree = BUILT_PRODUCTS_DIR; };
		1E683F8E256895DF00921754 /* AppDelegate.swift */ = {isa = PBXFileReference; lastKnownFileType = sourcecode.swift; path = AppDelegate.swift; sourceTree = "<group>"; };
		1E683F90256895DF00921754 /* SceneDelegate.swift */ = {isa = PBXFileReference; lastKnownFileType = sourcecode.swift; path = SceneDelegate.swift; sourceTree = "<group>"; };
		1E683F92256895DF00921754 /* HomeViewController.swift */ = {isa = PBXFileReference; lastKnownFileType = sourcecode.swift; path = HomeViewController.swift; sourceTree = "<group>"; };
		1E683F95256895DF00921754 /* Base */ = {isa = PBXFileReference; lastKnownFileType = file.storyboard; name = Base; path = Base.lproj/Main.storyboard; sourceTree = "<group>"; };
		1E683F97256895E200921754 /* Assets.xcassets */ = {isa = PBXFileReference; lastKnownFileType = folder.assetcatalog; path = Assets.xcassets; sourceTree = "<group>"; };
		1E683F9A256895E200921754 /* Base */ = {isa = PBXFileReference; lastKnownFileType = file.storyboard; name = Base; path = Base.lproj/LaunchScreen.storyboard; sourceTree = "<group>"; };
		1E683F9C256895E200921754 /* Info.plist */ = {isa = PBXFileReference; lastKnownFileType = text.plist.xml; path = Info.plist; sourceTree = "<group>"; };
		1E683FA1256895E200921754 /* InstagramTests.xctest */ = {isa = PBXFileReference; explicitFileType = wrapper.cfbundle; includeInIndex = 0; path = InstagramTests.xctest; sourceTree = BUILT_PRODUCTS_DIR; };
		1E683FA5256895E200921754 /* InstagramTests.swift */ = {isa = PBXFileReference; lastKnownFileType = sourcecode.swift; path = InstagramTests.swift; sourceTree = "<group>"; };
		1E683FA7256895E200921754 /* Info.plist */ = {isa = PBXFileReference; lastKnownFileType = text.plist.xml; path = Info.plist; sourceTree = "<group>"; };
		1E683FAC256895E200921754 /* InstagramUITests.xctest */ = {isa = PBXFileReference; explicitFileType = wrapper.cfbundle; includeInIndex = 0; path = InstagramUITests.xctest; sourceTree = BUILT_PRODUCTS_DIR; };
		1E683FB0256895E200921754 /* InstagramUITests.swift */ = {isa = PBXFileReference; lastKnownFileType = sourcecode.swift; path = InstagramUITests.swift; sourceTree = "<group>"; };
		1E683FB2256895E200921754 /* Info.plist */ = {isa = PBXFileReference; lastKnownFileType = text.plist.xml; path = Info.plist; sourceTree = "<group>"; };
		1E683FC92568971600921754 /* ExploreViewController.swift */ = {isa = PBXFileReference; lastKnownFileType = sourcecode.swift; path = ExploreViewController.swift; sourceTree = "<group>"; };
		1E683FCE2568972400921754 /* CameraViewController.swift */ = {isa = PBXFileReference; lastKnownFileType = sourcecode.swift; path = CameraViewController.swift; sourceTree = "<group>"; };
		1E683FD32568973400921754 /* NotificationViewController.swift */ = {isa = PBXFileReference; lastKnownFileType = sourcecode.swift; path = NotificationViewController.swift; sourceTree = "<group>"; };
		1E683FDC256897AC00921754 /* ProfileViewController.swift */ = {isa = PBXFileReference; lastKnownFileType = sourcecode.swift; path = ProfileViewController.swift; sourceTree = "<group>"; };
		1E683FE3256897D100921754 /* LoginViewController.swift */ = {isa = PBXFileReference; lastKnownFileType = sourcecode.swift; path = LoginViewController.swift; sourceTree = "<group>"; };
		1E683FEB256897DE00921754 /* RegistrationViewController.swift */ = {isa = PBXFileReference; lastKnownFileType = sourcecode.swift; path = RegistrationViewController.swift; sourceTree = "<group>"; };
		1E683FF02568980900921754 /* PostViewController.swift */ = {isa = PBXFileReference; lastKnownFileType = sourcecode.swift; path = PostViewController.swift; sourceTree = "<group>"; };
		1E683FF52568983000921754 /* EditProfileViewController.swift */ = {isa = PBXFileReference; lastKnownFileType = sourcecode.swift; path = EditProfileViewController.swift; sourceTree = "<group>"; };
		1E683FFA2568983B00921754 /* SettingsViewController.swift */ = {isa = PBXFileReference; lastKnownFileType = sourcecode.swift; path = SettingsViewController.swift; sourceTree = "<group>"; };
		1E683FFF2568984900921754 /* ListViewController.swift */ = {isa = PBXFileReference; lastKnownFileType = sourcecode.swift; path = ListViewController.swift; sourceTree = "<group>"; };
		1E6840042568985C00921754 /* SearchViewController.swift */ = {isa = PBXFileReference; lastKnownFileType = sourcecode.swift; path = SearchViewController.swift; sourceTree = "<group>"; };
		1E6840092568986800921754 /* SearchResultViewController.swift */ = {isa = PBXFileReference; lastKnownFileType = sourcecode.swift; path = SearchResultViewController.swift; sourceTree = "<group>"; };
		1E68400E2568988F00921754 /* PostEditorViewController.swift */ = {isa = PBXFileReference; lastKnownFileType = sourcecode.swift; path = PostEditorViewController.swift; sourceTree = "<group>"; };
		1E6840132568989A00921754 /* PublishPostViewController.swift */ = {isa = PBXFileReference; lastKnownFileType = sourcecode.swift; path = PublishPostViewController.swift; sourceTree = "<group>"; };
		23D48AC987A75B19887A06DB /* Pods-Instagram.release.xcconfig */ = {isa = PBXFileReference; includeInIndex = 1; lastKnownFileType = text.xcconfig; name = "Pods-Instagram.release.xcconfig"; path = "Target Support Files/Pods-Instagram/Pods-Instagram.release.xcconfig"; sourceTree = "<group>"; };
		2AE7B46C5BCA942FF8E2BA9E /* Pods-InstagramTests.debug.xcconfig */ = {isa = PBXFileReference; includeInIndex = 1; lastKnownFileType = text.xcconfig; name = "Pods-InstagramTests.debug.xcconfig"; path = "Target Support Files/Pods-InstagramTests/Pods-InstagramTests.debug.xcconfig"; sourceTree = "<group>"; };
		2D31C0E9ABA4E08BF2E6B46B /* Pods_InstagramTests.framework */ = {isa = PBXFileReference; explicitFileType = wrapper.framework; includeInIndex = 0; path = Pods_InstagramTests.framework; sourceTree = BUILT_PRODUCTS_DIR; };
		74EF47D6952CA980BEB2E52E /* Pods-Instagram-InstagramUITests.release.xcconfig */ = {isa = PBXFileReference; includeInIndex = 1; lastKnownFileType = text.xcconfig; name = "Pods-Instagram-InstagramUITests.release.xcconfig"; path = "Target Support Files/Pods-Instagram-InstagramUITests/Pods-Instagram-InstagramUITests.release.xcconfig"; sourceTree = "<group>"; };
		7526F8727B61F51CF1C62E78 /* Pods-Instagram.debug.xcconfig */ = {isa = PBXFileReference; includeInIndex = 1; lastKnownFileType = text.xcconfig; name = "Pods-Instagram.debug.xcconfig"; path = "Target Support Files/Pods-Instagram/Pods-Instagram.debug.xcconfig"; sourceTree = "<group>"; };
		A3B6BD2845E6DD296F0664DC /* Pods_Instagram.framework */ = {isa = PBXFileReference; explicitFileType = wrapper.framework; includeInIndex = 0; path = Pods_Instagram.framework; sourceTree = BUILT_PRODUCTS_DIR; };
		D35A030AF9186BE52F95DF74 /* Pods-Instagram-InstagramUITests.debug.xcconfig */ = {isa = PBXFileReference; includeInIndex = 1; lastKnownFileType = text.xcconfig; name = "Pods-Instagram-InstagramUITests.debug.xcconfig"; path = "Target Support Files/Pods-Instagram-InstagramUITests/Pods-Instagram-InstagramUITests.debug.xcconfig"; sourceTree = "<group>"; };
		F76EF0B731FE465B970459BF /* Pods-InstagramTests.release.xcconfig */ = {isa = PBXFileReference; includeInIndex = 1; lastKnownFileType = text.xcconfig; name = "Pods-InstagramTests.release.xcconfig"; path = "Target Support Files/Pods-InstagramTests/Pods-InstagramTests.release.xcconfig"; sourceTree = "<group>"; };
		FBBB9983AEA3692753168245 /* Pods_Instagram_InstagramUITests.framework */ = {isa = PBXFileReference; explicitFileType = wrapper.framework; includeInIndex = 0; path = Pods_Instagram_InstagramUITests.framework; sourceTree = BUILT_PRODUCTS_DIR; };
/* End PBXFileReference section */

/* Begin PBXFrameworksBuildPhase section */
		1E683F88256895DF00921754 /* Frameworks */ = {
			isa = PBXFrameworksBuildPhase;
			buildActionMask = 2147483647;
			files = (
				6B50A4A8410958E83F10AEB6 /* Pods_Instagram.framework in Frameworks */,
			);
			runOnlyForDeploymentPostprocessing = 0;
		};
		1E683F9E256895E200921754 /* Frameworks */ = {
			isa = PBXFrameworksBuildPhase;
			buildActionMask = 2147483647;
			files = (
				EBDF94D58D1510F44F19B5E3 /* Pods_InstagramTests.framework in Frameworks */,
			);
			runOnlyForDeploymentPostprocessing = 0;
		};
		1E683FA9256895E200921754 /* Frameworks */ = {
			isa = PBXFrameworksBuildPhase;
			buildActionMask = 2147483647;
			files = (
				C283913B50CA91128C0D8EC9 /* Pods_Instagram_InstagramUITests.framework in Frameworks */,
			);
			runOnlyForDeploymentPostprocessing = 0;
		};
/* End PBXFrameworksBuildPhase section */

/* Begin PBXGroup section */
		1E5A903D2568A70F00A6EDB3 /* General */ = {
			isa = PBXGroup;
			children = (
				1E683FFA2568983B00921754 /* SettingsViewController.swift */,
				1E683FF02568980900921754 /* PostViewController.swift */,
				1E683FF52568983000921754 /* EditProfileViewController.swift */,
				1E683FFF2568984900921754 /* ListViewController.swift */,
				1E6840042568985C00921754 /* SearchViewController.swift */,
				1E6840092568986800921754 /* SearchResultViewController.swift */,
				1E68400E2568988F00921754 /* PostEditorViewController.swift */,
				1E6840132568989A00921754 /* PublishPostViewController.swift */,
			);
			path = General;
			sourceTree = "<group>";
		};
		1E683F82256895DF00921754 = {
			isa = PBXGroup;
			children = (
				1E683F8D256895DF00921754 /* Instagram */,
				1E683FA4256895E200921754 /* InstagramTests */,
				1E683FAF256895E200921754 /* InstagramUITests */,
				1E683F8C256895DF00921754 /* Products */,
				3FAF5F0283ED13E485904D9D /* Pods */,
				7F3C7D9E17548ED45B59A2EF /* Frameworks */,
			);
			sourceTree = "<group>";
		};
		1E683F8C256895DF00921754 /* Products */ = {
			isa = PBXGroup;
			children = (
				1E683F8B256895DF00921754 /* Instagram.app */,
				1E683FA1256895E200921754 /* InstagramTests.xctest */,
				1E683FAC256895E200921754 /* InstagramUITests.xctest */,
			);
			name = Products;
			sourceTree = "<group>";
		};
		1E683F8D256895DF00921754 /* Instagram */ = {
			isa = PBXGroup;
			children = (
				1E683FC42568964800921754 /* Resources */,
				1E683FC32568963B00921754 /* Models */,
				1E683FC22568963500921754 /* Views */,
				1E683FC12568962600921754 /* Controllers */,
				1E683F9C256895E200921754 /* Info.plist */,
			);
			path = Instagram;
			sourceTree = "<group>";
		};
		1E683FA4256895E200921754 /* InstagramTests */ = {
			isa = PBXGroup;
			children = (
				1E683FA5256895E200921754 /* InstagramTests.swift */,
				1E683FA7256895E200921754 /* Info.plist */,
			);
			path = InstagramTests;
			sourceTree = "<group>";
		};
		1E683FAF256895E200921754 /* InstagramUITests */ = {
			isa = PBXGroup;
			children = (
				1E683FB0256895E200921754 /* InstagramUITests.swift */,
				1E683FB2256895E200921754 /* Info.plist */,
			);
			path = InstagramUITests;
			sourceTree = "<group>";
		};
		1E683FC12568962600921754 /* Controllers */ = {
			isa = PBXGroup;
			children = (
				1E683FE1256897B100921754 /* Other */,
				1E683FD82568975500921754 /* Core Tabs */,
			);
			path = Controllers;
			sourceTree = "<group>";
		};
		1E683FC22568963500921754 /* Views */ = {
			isa = PBXGroup;
			children = (
				1E683F97256895E200921754 /* Assets.xcassets */,
				1E683FC52568968800921754 /* Storyboards */,
			);
			path = Views;
			sourceTree = "<group>";
		};
		1E683FC32568963B00921754 /* Models */ = {
			isa = PBXGroup;
			children = (
			);
			path = Models;
			sourceTree = "<group>";
		};
		1E683FC42568964800921754 /* Resources */ = {
			isa = PBXGroup;
			children = (
				1E5A90382568A37400A6EDB3 /* GoogleService-Info.plist */,
				1E683F8E256895DF00921754 /* AppDelegate.swift */,
				1E683F90256895DF00921754 /* SceneDelegate.swift */,
				1E5A90412568AA1A00A6EDB3 /* DatabaseManager.swift */,
				1E5A90462568AACA00A6EDB3 /* AuthManager.swift */,
				1E5A904B2568AAFB00A6EDB3 /* StorageManager.swift */,
				1E5A90682568AFC600A6EDB3 /* Extensions.swift */,
			);
			path = Resources;
			sourceTree = "<group>";
		};
		1E683FC52568968800921754 /* Storyboards */ = {
			isa = PBXGroup;
			children = (
				1E683F94256895DF00921754 /* Main.storyboard */,
				1E683F99256895E200921754 /* LaunchScreen.storyboard */,
			);
			path = Storyboards;
			sourceTree = "<group>";
		};
		1E683FD82568975500921754 /* Core Tabs */ = {
			isa = PBXGroup;
			children = (
				1E683F92256895DF00921754 /* HomeViewController.swift */,
				1E683FC92568971600921754 /* ExploreViewController.swift */,
				1E683FCE2568972400921754 /* CameraViewController.swift */,
				1E683FD32568973400921754 /* NotificationViewController.swift */,
				1E683FDC256897AC00921754 /* ProfileViewController.swift */,
			);
			path = "Core Tabs";
			sourceTree = "<group>";
		};
		1E683FE1256897B100921754 /* Other */ = {
			isa = PBXGroup;
			children = (
				1E683FE2256897C100921754 /* Onboarding */,
				1E5A903D2568A70F00A6EDB3 /* General */,
			);
			path = Other;
			sourceTree = "<group>";
		};
		1E683FE2256897C100921754 /* Onboarding */ = {
			isa = PBXGroup;
			children = (
				1E683FE3256897D100921754 /* LoginViewController.swift */,
				1E683FEB256897DE00921754 /* RegistrationViewController.swift */,
			);
			path = Onboarding;
			sourceTree = "<group>";
		};
		3FAF5F0283ED13E485904D9D /* Pods */ = {
			isa = PBXGroup;
			children = (
				7526F8727B61F51CF1C62E78 /* Pods-Instagram.debug.xcconfig */,
				23D48AC987A75B19887A06DB /* Pods-Instagram.release.xcconfig */,
				D35A030AF9186BE52F95DF74 /* Pods-Instagram-InstagramUITests.debug.xcconfig */,
				74EF47D6952CA980BEB2E52E /* Pods-Instagram-InstagramUITests.release.xcconfig */,
				2AE7B46C5BCA942FF8E2BA9E /* Pods-InstagramTests.debug.xcconfig */,
				F76EF0B731FE465B970459BF /* Pods-InstagramTests.release.xcconfig */,
			);
			path = Pods;
			sourceTree = "<group>";
		};
		7F3C7D9E17548ED45B59A2EF /* Frameworks */ = {
			isa = PBXGroup;
			children = (
				A3B6BD2845E6DD296F0664DC /* Pods_Instagram.framework */,
				FBBB9983AEA3692753168245 /* Pods_Instagram_InstagramUITests.framework */,
				2D31C0E9ABA4E08BF2E6B46B /* Pods_InstagramTests.framework */,
			);
			name = Frameworks;
			sourceTree = "<group>";
		};
/* End PBXGroup section */

/* Begin PBXNativeTarget section */
		1E683F8A256895DF00921754 /* Instagram */ = {
			isa = PBXNativeTarget;
			buildConfigurationList = 1E683FB5256895E200921754 /* Build configuration list for PBXNativeTarget "Instagram" */;
			buildPhases = (
				D30280DD97FFF43E4EFEE72C /* [CP] Check Pods Manifest.lock */,
				1E683F87256895DF00921754 /* Sources */,
				1E683F88256895DF00921754 /* Frameworks */,
				1E683F89256895DF00921754 /* Resources */,
				D67F331CE153B80CE18DDA1C /* [CP] Embed Pods Frameworks */,
			);
			buildRules = (
			);
			dependencies = (
			);
			name = Instagram;
			productName = Instagram;
			productReference = 1E683F8B256895DF00921754 /* Instagram.app */;
			productType = "com.apple.product-type.application";
		};
		1E683FA0256895E200921754 /* InstagramTests */ = {
			isa = PBXNativeTarget;
			buildConfigurationList = 1E683FB8256895E200921754 /* Build configuration list for PBXNativeTarget "InstagramTests" */;
			buildPhases = (
				B4BF11244731AB53DF13293E /* [CP] Check Pods Manifest.lock */,
				1E683F9D256895E200921754 /* Sources */,
				1E683F9E256895E200921754 /* Frameworks */,
				1E683F9F256895E200921754 /* Resources */,
			);
			buildRules = (
			);
			dependencies = (
				1E683FA3256895E200921754 /* PBXTargetDependency */,
			);
			name = InstagramTests;
			productName = InstagramTests;
			productReference = 1E683FA1256895E200921754 /* InstagramTests.xctest */;
			productType = "com.apple.product-type.bundle.unit-test";
		};
		1E683FAB256895E200921754 /* InstagramUITests */ = {
			isa = PBXNativeTarget;
			buildConfigurationList = 1E683FBB256895E200921754 /* Build configuration list for PBXNativeTarget "InstagramUITests" */;
			buildPhases = (
				B13D68AD8246F69703E8EA13 /* [CP] Check Pods Manifest.lock */,
				1E683FA8256895E200921754 /* Sources */,
				1E683FA9256895E200921754 /* Frameworks */,
				1E683FAA256895E200921754 /* Resources */,
				C38090ABBA0CB2B9B456B392 /* [CP] Embed Pods Frameworks */,
			);
			buildRules = (
			);
			dependencies = (
				1E683FAE256895E200921754 /* PBXTargetDependency */,
			);
			name = InstagramUITests;
			productName = InstagramUITests;
			productReference = 1E683FAC256895E200921754 /* InstagramUITests.xctest */;
			productType = "com.apple.product-type.bundle.ui-testing";
		};
/* End PBXNativeTarget section */

/* Begin PBXProject section */
		1E683F83256895DF00921754 /* Project object */ = {
			isa = PBXProject;
			attributes = {
				LastSwiftUpdateCheck = 1220;
				LastUpgradeCheck = 1220;
				TargetAttributes = {
					1E683F8A256895DF00921754 = {
						CreatedOnToolsVersion = 12.2;
					};
					1E683FA0256895E200921754 = {
						CreatedOnToolsVersion = 12.2;
						TestTargetID = 1E683F8A256895DF00921754;
					};
					1E683FAB256895E200921754 = {
						CreatedOnToolsVersion = 12.2;
						TestTargetID = 1E683F8A256895DF00921754;
					};
				};
			};
			buildConfigurationList = 1E683F86256895DF00921754 /* Build configuration list for PBXProject "Instagram" */;
			compatibilityVersion = "Xcode 9.3";
			developmentRegion = en;
			hasScannedForEncodings = 0;
			knownRegions = (
				en,
				Base,
			);
			mainGroup = 1E683F82256895DF00921754;
			productRefGroup = 1E683F8C256895DF00921754 /* Products */;
			projectDirPath = "";
			projectRoot = "";
			targets = (
				1E683F8A256895DF00921754 /* Instagram */,
				1E683FA0256895E200921754 /* InstagramTests */,
				1E683FAB256895E200921754 /* InstagramUITests */,
			);
		};
/* End PBXProject section */

/* Begin PBXResourcesBuildPhase section */
		1E683F89256895DF00921754 /* Resources */ = {
			isa = PBXResourcesBuildPhase;
			buildActionMask = 2147483647;
			files = (
				1E683F9B256895E200921754 /* LaunchScreen.storyboard in Resources */,
				1E5A90392568A37400A6EDB3 /* GoogleService-Info.plist in Resources */,
				1E683F98256895E200921754 /* Assets.xcassets in Resources */,
				1E683F96256895DF00921754 /* Main.storyboard in Resources */,
			);
			runOnlyForDeploymentPostprocessing = 0;
		};
		1E683F9F256895E200921754 /* Resources */ = {
			isa = PBXResourcesBuildPhase;
			buildActionMask = 2147483647;
			files = (
			);
			runOnlyForDeploymentPostprocessing = 0;
		};
		1E683FAA256895E200921754 /* Resources */ = {
			isa = PBXResourcesBuildPhase;
			buildActionMask = 2147483647;
			files = (
			);
			runOnlyForDeploymentPostprocessing = 0;
		};
/* End PBXResourcesBuildPhase section */

/* Begin PBXShellScriptBuildPhase section */
		B13D68AD8246F69703E8EA13 /* [CP] Check Pods Manifest.lock */ = {
			isa = PBXShellScriptBuildPhase;
			buildActionMask = 2147483647;
			files = (
			);
			inputFileListPaths = (
			);
			inputPaths = (
				"${PODS_PODFILE_DIR_PATH}/Podfile.lock",
				"${PODS_ROOT}/Manifest.lock",
			);
			name = "[CP] Check Pods Manifest.lock";
			outputFileListPaths = (
			);
			outputPaths = (
				"$(DERIVED_FILE_DIR)/Pods-Instagram-InstagramUITests-checkManifestLockResult.txt",
			);
			runOnlyForDeploymentPostprocessing = 0;
			shellPath = /bin/sh;
			shellScript = "diff \"${PODS_PODFILE_DIR_PATH}/Podfile.lock\" \"${PODS_ROOT}/Manifest.lock\" > /dev/null\nif [ $? != 0 ] ; then\n    # print error to STDERR\n    echo \"error: The sandbox is not in sync with the Podfile.lock. Run 'pod install' or update your CocoaPods installation.\" >&2\n    exit 1\nfi\n# This output is used by Xcode 'outputs' to avoid re-running this script phase.\necho \"SUCCESS\" > \"${SCRIPT_OUTPUT_FILE_0}\"\n";
			showEnvVarsInLog = 0;
		};
		B4BF11244731AB53DF13293E /* [CP] Check Pods Manifest.lock */ = {
			isa = PBXShellScriptBuildPhase;
			buildActionMask = 2147483647;
			files = (
			);
			inputFileListPaths = (
			);
			inputPaths = (
				"${PODS_PODFILE_DIR_PATH}/Podfile.lock",
				"${PODS_ROOT}/Manifest.lock",
			);
			name = "[CP] Check Pods Manifest.lock";
			outputFileListPaths = (
			);
			outputPaths = (
				"$(DERIVED_FILE_DIR)/Pods-InstagramTests-checkManifestLockResult.txt",
			);
			runOnlyForDeploymentPostprocessing = 0;
			shellPath = /bin/sh;
			shellScript = "diff \"${PODS_PODFILE_DIR_PATH}/Podfile.lock\" \"${PODS_ROOT}/Manifest.lock\" > /dev/null\nif [ $? != 0 ] ; then\n    # print error to STDERR\n    echo \"error: The sandbox is not in sync with the Podfile.lock. Run 'pod install' or update your CocoaPods installation.\" >&2\n    exit 1\nfi\n# This output is used by Xcode 'outputs' to avoid re-running this script phase.\necho \"SUCCESS\" > \"${SCRIPT_OUTPUT_FILE_0}\"\n";
			showEnvVarsInLog = 0;
		};
		C38090ABBA0CB2B9B456B392 /* [CP] Embed Pods Frameworks */ = {
			isa = PBXShellScriptBuildPhase;
			buildActionMask = 2147483647;
			files = (
			);
			inputFileListPaths = (
				"${PODS_ROOT}/Target Support Files/Pods-Instagram-InstagramUITests/Pods-Instagram-InstagramUITests-frameworks-${CONFIGURATION}-input-files.xcfilelist",
			);
			name = "[CP] Embed Pods Frameworks";
			outputFileListPaths = (
				"${PODS_ROOT}/Target Support Files/Pods-Instagram-InstagramUITests/Pods-Instagram-InstagramUITests-frameworks-${CONFIGURATION}-output-files.xcfilelist",
			);
			runOnlyForDeploymentPostprocessing = 0;
			shellPath = /bin/sh;
			shellScript = "\"${PODS_ROOT}/Target Support Files/Pods-Instagram-InstagramUITests/Pods-Instagram-InstagramUITests-frameworks.sh\"\n";
			showEnvVarsInLog = 0;
		};
		D30280DD97FFF43E4EFEE72C /* [CP] Check Pods Manifest.lock */ = {
			isa = PBXShellScriptBuildPhase;
			buildActionMask = 2147483647;
			files = (
			);
			inputFileListPaths = (
			);
			inputPaths = (
				"${PODS_PODFILE_DIR_PATH}/Podfile.lock",
				"${PODS_ROOT}/Manifest.lock",
			);
			name = "[CP] Check Pods Manifest.lock";
			outputFileListPaths = (
			);
			outputPaths = (
				"$(DERIVED_FILE_DIR)/Pods-Instagram-checkManifestLockResult.txt",
			);
			runOnlyForDeploymentPostprocessing = 0;
			shellPath = /bin/sh;
			shellScript = "diff \"${PODS_PODFILE_DIR_PATH}/Podfile.lock\" \"${PODS_ROOT}/Manifest.lock\" > /dev/null\nif [ $? != 0 ] ; then\n    # print error to STDERR\n    echo \"error: The sandbox is not in sync with the Podfile.lock. Run 'pod install' or update your CocoaPods installation.\" >&2\n    exit 1\nfi\n# This output is used by Xcode 'outputs' to avoid re-running this script phase.\necho \"SUCCESS\" > \"${SCRIPT_OUTPUT_FILE_0}\"\n";
			showEnvVarsInLog = 0;
		};
		D67F331CE153B80CE18DDA1C /* [CP] Embed Pods Frameworks */ = {
			isa = PBXShellScriptBuildPhase;
			buildActionMask = 2147483647;
			files = (
			);
			inputFileListPaths = (
				"${PODS_ROOT}/Target Support Files/Pods-Instagram/Pods-Instagram-frameworks-${CONFIGURATION}-input-files.xcfilelist",
			);
			name = "[CP] Embed Pods Frameworks";
			outputFileListPaths = (
				"${PODS_ROOT}/Target Support Files/Pods-Instagram/Pods-Instagram-frameworks-${CONFIGURATION}-output-files.xcfilelist",
			);
			runOnlyForDeploymentPostprocessing = 0;
			shellPath = /bin/sh;
			shellScript = "\"${PODS_ROOT}/Target Support Files/Pods-Instagram/Pods-Instagram-frameworks.sh\"\n";
			showEnvVarsInLog = 0;
		};
/* End PBXShellScriptBuildPhase section */

/* Begin PBXSourcesBuildPhase section */
		1E683F87256895DF00921754 /* Sources */ = {
			isa = PBXSourcesBuildPhase;
			buildActionMask = 2147483647;
			files = (
				1E683FF62568983000921754 /* EditProfileViewController.swift in Sources */,
				1E683FCA2568971600921754 /* ExploreViewController.swift in Sources */,
				1E6840142568989A00921754 /* PublishPostViewController.swift in Sources */,
				1E683FCF2568972400921754 /* CameraViewController.swift in Sources */,
				1E683FD42568973400921754 /* NotificationViewController.swift in Sources */,
				1E683FEC256897DE00921754 /* RegistrationViewController.swift in Sources */,
				1E68400F2568988F00921754 /* PostEditorViewController.swift in Sources */,
				1E5A904C2568AAFB00A6EDB3 /* StorageManager.swift in Sources */,
				1E683FF12568980900921754 /* PostViewController.swift in Sources */,
				1E5A90422568AA1A00A6EDB3 /* DatabaseManager.swift in Sources */,
				1E683F93256895DF00921754 /* HomeViewController.swift in Sources */,
				1E68400A2568986800921754 /* SearchResultViewController.swift in Sources */,
				1E683FE4256897D100921754 /* LoginViewController.swift in Sources */,
				1E5A90692568AFC600A6EDB3 /* Extensions.swift in Sources */,
				1E6840052568985C00921754 /* SearchViewController.swift in Sources */,
				1E683FDD256897AC00921754 /* ProfileViewController.swift in Sources */,
				1E5A90472568AACA00A6EDB3 /* AuthManager.swift in Sources */,
				1E683F8F256895DF00921754 /* AppDelegate.swift in Sources */,
				1E683F91256895DF00921754 /* SceneDelegate.swift in Sources */,
				1E6840002568984900921754 /* ListViewController.swift in Sources */,
				1E683FFB2568983B00921754 /* SettingsViewController.swift in Sources */,
			);
			runOnlyForDeploymentPostprocessing = 0;
		};
		1E683F9D256895E200921754 /* Sources */ = {
			isa = PBXSourcesBuildPhase;
			buildActionMask = 2147483647;
			files = (
				1E683FA6256895E200921754 /* InstagramTests.swift in Sources */,
			);
			runOnlyForDeploymentPostprocessing = 0;
		};
		1E683FA8256895E200921754 /* Sources */ = {
			isa = PBXSourcesBuildPhase;
			buildActionMask = 2147483647;
			files = (
				1E683FB1256895E200921754 /* InstagramUITests.swift in Sources */,
			);
			runOnlyForDeploymentPostprocessing = 0;
		};
/* End PBXSourcesBuildPhase section */

/* Begin PBXTargetDependency section */
		1E683FA3256895E200921754 /* PBXTargetDependency */ = {
			isa = PBXTargetDependency;
			target = 1E683F8A256895DF00921754 /* Instagram */;
			targetProxy = 1E683FA2256895E200921754 /* PBXContainerItemProxy */;
		};
		1E683FAE256895E200921754 /* PBXTargetDependency */ = {
			isa = PBXTargetDependency;
			target = 1E683F8A256895DF00921754 /* Instagram */;
			targetProxy = 1E683FAD256895E200921754 /* PBXContainerItemProxy */;
		};
/* End PBXTargetDependency section */

/* Begin PBXVariantGroup section */
		1E683F94256895DF00921754 /* Main.storyboard */ = {
			isa = PBXVariantGroup;
			children = (
				1E683F95256895DF00921754 /* Base */,
			);
			name = Main.storyboard;
			sourceTree = "<group>";
		};
		1E683F99256895E200921754 /* LaunchScreen.storyboard */ = {
			isa = PBXVariantGroup;
			children = (
				1E683F9A256895E200921754 /* Base */,
			);
			name = LaunchScreen.storyboard;
			sourceTree = "<group>";
		};
/* End PBXVariantGroup section */

/* Begin XCBuildConfiguration section */
		1E683FB3256895E200921754 /* Debug */ = {
			isa = XCBuildConfiguration;
			buildSettings = {
				ALWAYS_SEARCH_USER_PATHS = NO;
				CLANG_ANALYZER_NONNULL = YES;
				CLANG_ANALYZER_NUMBER_OBJECT_CONVERSION = YES_AGGRESSIVE;
				CLANG_CXX_LANGUAGE_STANDARD = "gnu++14";
				CLANG_CXX_LIBRARY = "libc++";
				CLANG_ENABLE_MODULES = YES;
				CLANG_ENABLE_OBJC_ARC = YES;
				CLANG_ENABLE_OBJC_WEAK = YES;
				CLANG_WARN_BLOCK_CAPTURE_AUTORELEASING = YES;
				CLANG_WARN_BOOL_CONVERSION = YES;
				CLANG_WARN_COMMA = YES;
				CLANG_WARN_CONSTANT_CONVERSION = YES;
				CLANG_WARN_DEPRECATED_OBJC_IMPLEMENTATIONS = YES;
				CLANG_WARN_DIRECT_OBJC_ISA_USAGE = YES_ERROR;
				CLANG_WARN_DOCUMENTATION_COMMENTS = YES;
				CLANG_WARN_EMPTY_BODY = YES;
				CLANG_WARN_ENUM_CONVERSION = YES;
				CLANG_WARN_INFINITE_RECURSION = YES;
				CLANG_WARN_INT_CONVERSION = YES;
				CLANG_WARN_NON_LITERAL_NULL_CONVERSION = YES;
				CLANG_WARN_OBJC_IMPLICIT_RETAIN_SELF = YES;
				CLANG_WARN_OBJC_LITERAL_CONVERSION = YES;
				CLANG_WARN_OBJC_ROOT_CLASS = YES_ERROR;
				CLANG_WARN_QUOTED_INCLUDE_IN_FRAMEWORK_HEADER = YES;
				CLANG_WARN_RANGE_LOOP_ANALYSIS = YES;
				CLANG_WARN_STRICT_PROTOTYPES = YES;
				CLANG_WARN_SUSPICIOUS_MOVE = YES;
				CLANG_WARN_UNGUARDED_AVAILABILITY = YES_AGGRESSIVE;
				CLANG_WARN_UNREACHABLE_CODE = YES;
				CLANG_WARN__DUPLICATE_METHOD_MATCH = YES;
				COPY_PHASE_STRIP = NO;
				DEBUG_INFORMATION_FORMAT = dwarf;
				ENABLE_STRICT_OBJC_MSGSEND = YES;
				ENABLE_TESTABILITY = YES;
				GCC_C_LANGUAGE_STANDARD = gnu11;
				GCC_DYNAMIC_NO_PIC = NO;
				GCC_NO_COMMON_BLOCKS = YES;
				GCC_OPTIMIZATION_LEVEL = 0;
				GCC_PREPROCESSOR_DEFINITIONS = (
					"DEBUG=1",
					"$(inherited)",
				);
				GCC_WARN_64_TO_32_BIT_CONVERSION = YES;
				GCC_WARN_ABOUT_RETURN_TYPE = YES_ERROR;
				GCC_WARN_UNDECLARED_SELECTOR = YES;
				GCC_WARN_UNINITIALIZED_AUTOS = YES_AGGRESSIVE;
				GCC_WARN_UNUSED_FUNCTION = YES;
				GCC_WARN_UNUSED_VARIABLE = YES;
				IPHONEOS_DEPLOYMENT_TARGET = 14.2;
				MTL_ENABLE_DEBUG_INFO = INCLUDE_SOURCE;
				MTL_FAST_MATH = YES;
				ONLY_ACTIVE_ARCH = YES;
				SDKROOT = iphoneos;
				SWIFT_ACTIVE_COMPILATION_CONDITIONS = DEBUG;
				SWIFT_OPTIMIZATION_LEVEL = "-Onone";
			};
			name = Debug;
		};
		1E683FB4256895E200921754 /* Release */ = {
			isa = XCBuildConfiguration;
			buildSettings = {
				ALWAYS_SEARCH_USER_PATHS = NO;
				CLANG_ANALYZER_NONNULL = YES;
				CLANG_ANALYZER_NUMBER_OBJECT_CONVERSION = YES_AGGRESSIVE;
				CLANG_CXX_LANGUAGE_STANDARD = "gnu++14";
				CLANG_CXX_LIBRARY = "libc++";
				CLANG_ENABLE_MODULES = YES;
				CLANG_ENABLE_OBJC_ARC = YES;
				CLANG_ENABLE_OBJC_WEAK = YES;
				CLANG_WARN_BLOCK_CAPTURE_AUTORELEASING = YES;
				CLANG_WARN_BOOL_CONVERSION = YES;
				CLANG_WARN_COMMA = YES;
				CLANG_WARN_CONSTANT_CONVERSION = YES;
				CLANG_WARN_DEPRECATED_OBJC_IMPLEMENTATIONS = YES;
				CLANG_WARN_DIRECT_OBJC_ISA_USAGE = YES_ERROR;
				CLANG_WARN_DOCUMENTATION_COMMENTS = YES;
				CLANG_WARN_EMPTY_BODY = YES;
				CLANG_WARN_ENUM_CONVERSION = YES;
				CLANG_WARN_INFINITE_RECURSION = YES;
				CLANG_WARN_INT_CONVERSION = YES;
				CLANG_WARN_NON_LITERAL_NULL_CONVERSION = YES;
				CLANG_WARN_OBJC_IMPLICIT_RETAIN_SELF = YES;
				CLANG_WARN_OBJC_LITERAL_CONVERSION = YES;
				CLANG_WARN_OBJC_ROOT_CLASS = YES_ERROR;
				CLANG_WARN_QUOTED_INCLUDE_IN_FRAMEWORK_HEADER = YES;
				CLANG_WARN_RANGE_LOOP_ANALYSIS = YES;
				CLANG_WARN_STRICT_PROTOTYPES = YES;
				CLANG_WARN_SUSPICIOUS_MOVE = YES;
				CLANG_WARN_UNGUARDED_AVAILABILITY = YES_AGGRESSIVE;
				CLANG_WARN_UNREACHABLE_CODE = YES;
				CLANG_WARN__DUPLICATE_METHOD_MATCH = YES;
				COPY_PHASE_STRIP = NO;
				DEBUG_INFORMATION_FORMAT = "dwarf-with-dsym";
				ENABLE_NS_ASSERTIONS = NO;
				ENABLE_STRICT_OBJC_MSGSEND = YES;
				GCC_C_LANGUAGE_STANDARD = gnu11;
				GCC_NO_COMMON_BLOCKS = YES;
				GCC_WARN_64_TO_32_BIT_CONVERSION = YES;
				GCC_WARN_ABOUT_RETURN_TYPE = YES_ERROR;
				GCC_WARN_UNDECLARED_SELECTOR = YES;
				GCC_WARN_UNINITIALIZED_AUTOS = YES_AGGRESSIVE;
				GCC_WARN_UNUSED_FUNCTION = YES;
				GCC_WARN_UNUSED_VARIABLE = YES;
				IPHONEOS_DEPLOYMENT_TARGET = 14.2;
				MTL_ENABLE_DEBUG_INFO = NO;
				MTL_FAST_MATH = YES;
				SDKROOT = iphoneos;
				SWIFT_COMPILATION_MODE = wholemodule;
				SWIFT_OPTIMIZATION_LEVEL = "-O";
				VALIDATE_PRODUCT = YES;
			};
			name = Release;
		};
		1E683FB6256895E200921754 /* Debug */ = {
			isa = XCBuildConfiguration;
			baseConfigurationReference = 7526F8727B61F51CF1C62E78 /* Pods-Instagram.debug.xcconfig */;
			buildSettings = {
				ASSETCATALOG_COMPILER_APPICON_NAME = AppIcon;
				ASSETCATALOG_COMPILER_GLOBAL_ACCENT_COLOR_NAME = AccentColor;
				CODE_SIGN_STYLE = Automatic;
				DEVELOPMENT_TEAM = RXXD9N2AZU;
				INFOPLIST_FILE = Instagram/Info.plist;
				LD_RUNPATH_SEARCH_PATHS = (
					"$(inherited)",
					"@executable_path/Frameworks",
				);
				PRODUCT_BUNDLE_IDENTIFIER = "Edison-Wu.Instagram";
				PRODUCT_NAME = "$(TARGET_NAME)";
				SWIFT_VERSION = 5.0;
				TARGETED_DEVICE_FAMILY = "1,2";
			};
			name = Debug;
		};
		1E683FB7256895E200921754 /* Release */ = {
			isa = XCBuildConfiguration;
			baseConfigurationReference = 23D48AC987A75B19887A06DB /* Pods-Instagram.release.xcconfig */;
			buildSettings = {
				ASSETCATALOG_COMPILER_APPICON_NAME = AppIcon;
				ASSETCATALOG_COMPILER_GLOBAL_ACCENT_COLOR_NAME = AccentColor;
				CODE_SIGN_STYLE = Automatic;
				DEVELOPMENT_TEAM = RXXD9N2AZU;
				INFOPLIST_FILE = Instagram/Info.plist;
				LD_RUNPATH_SEARCH_PATHS = (
					"$(inherited)",
					"@executable_path/Frameworks",
				);
				PRODUCT_BUNDLE_IDENTIFIER = "Edison-Wu.Instagram";
				PRODUCT_NAME = "$(TARGET_NAME)";
				SWIFT_VERSION = 5.0;
				TARGETED_DEVICE_FAMILY = "1,2";
			};
			name = Release;
		};
		1E683FB9256895E200921754 /* Debug */ = {
			isa = XCBuildConfiguration;
			baseConfigurationReference = 2AE7B46C5BCA942FF8E2BA9E /* Pods-InstagramTests.debug.xcconfig */;
			buildSettings = {
				ALWAYS_EMBED_SWIFT_STANDARD_LIBRARIES = YES;
				BUNDLE_LOADER = "$(TEST_HOST)";
				CODE_SIGN_STYLE = Automatic;
				DEVELOPMENT_TEAM = RXXD9N2AZU;
				INFOPLIST_FILE = InstagramTests/Info.plist;
				IPHONEOS_DEPLOYMENT_TARGET = 14.2;
				LD_RUNPATH_SEARCH_PATHS = (
					"$(inherited)",
					"@executable_path/Frameworks",
					"@loader_path/Frameworks",
				);
				PRODUCT_BUNDLE_IDENTIFIER = "Edison-Wu.InstagramTests";
				PRODUCT_NAME = "$(TARGET_NAME)";
				SWIFT_VERSION = 5.0;
				TARGETED_DEVICE_FAMILY = "1,2";
				TEST_HOST = "$(BUILT_PRODUCTS_DIR)/Instagram.app/Instagram";
			};
			name = Debug;
		};
		1E683FBA256895E200921754 /* Release */ = {
			isa = XCBuildConfiguration;
			baseConfigurationReference = F76EF0B731FE465B970459BF /* Pods-InstagramTests.release.xcconfig */;
			buildSettings = {
				ALWAYS_EMBED_SWIFT_STANDARD_LIBRARIES = YES;
				BUNDLE_LOADER = "$(TEST_HOST)";
				CODE_SIGN_STYLE = Automatic;
				DEVELOPMENT_TEAM = RXXD9N2AZU;
				INFOPLIST_FILE = InstagramTests/Info.plist;
				IPHONEOS_DEPLOYMENT_TARGET = 14.2;
				LD_RUNPATH_SEARCH_PATHS = (
					"$(inherited)",
					"@executable_path/Frameworks",
					"@loader_path/Frameworks",
				);
				PRODUCT_BUNDLE_IDENTIFIER = "Edison-Wu.InstagramTests";
				PRODUCT_NAME = "$(TARGET_NAME)";
				SWIFT_VERSION = 5.0;
				TARGETED_DEVICE_FAMILY = "1,2";
				TEST_HOST = "$(BUILT_PRODUCTS_DIR)/Instagram.app/Instagram";
			};
			name = Release;
		};
		1E683FBC256895E200921754 /* Debug */ = {
			isa = XCBuildConfiguration;
			baseConfigurationReference = D35A030AF9186BE52F95DF74 /* Pods-Instagram-InstagramUITests.debug.xcconfig */;
			buildSettings = {
				ALWAYS_EMBED_SWIFT_STANDARD_LIBRARIES = YES;
				CODE_SIGN_STYLE = Automatic;
				DEVELOPMENT_TEAM = RXXD9N2AZU;
				INFOPLIST_FILE = InstagramUITests/Info.plist;
				LD_RUNPATH_SEARCH_PATHS = (
					"$(inherited)",
					"@executable_path/Frameworks",
					"@loader_path/Frameworks",
				);
				PRODUCT_BUNDLE_IDENTIFIER = "Edison-Wu.InstagramUITests";
				PRODUCT_NAME = "$(TARGET_NAME)";
				SWIFT_VERSION = 5.0;
				TARGETED_DEVICE_FAMILY = "1,2";
				TEST_TARGET_NAME = Instagram;
			};
			name = Debug;
		};
		1E683FBD256895E200921754 /* Release */ = {
			isa = XCBuildConfiguration;
			baseConfigurationReference = 74EF47D6952CA980BEB2E52E /* Pods-Instagram-InstagramUITests.release.xcconfig */;
			buildSettings = {
				ALWAYS_EMBED_SWIFT_STANDARD_LIBRARIES = YES;
				CODE_SIGN_STYLE = Automatic;
				DEVELOPMENT_TEAM = RXXD9N2AZU;
				INFOPLIST_FILE = InstagramUITests/Info.plist;
				LD_RUNPATH_SEARCH_PATHS = (
					"$(inherited)",
					"@executable_path/Frameworks",
					"@loader_path/Frameworks",
				);
				PRODUCT_BUNDLE_IDENTIFIER = "Edison-Wu.InstagramUITests";
				PRODUCT_NAME = "$(TARGET_NAME)";
				SWIFT_VERSION = 5.0;
				TARGETED_DEVICE_FAMILY = "1,2";
				TEST_TARGET_NAME = Instagram;
			};
			name = Release;
		};
/* End XCBuildConfiguration section */

/* Begin XCConfigurationList section */
		1E683F86256895DF00921754 /* Build configuration list for PBXProject "Instagram" */ = {
			isa = XCConfigurationList;
			buildConfigurations = (
				1E683FB3256895E200921754 /* Debug */,
				1E683FB4256895E200921754 /* Release */,
			);
			defaultConfigurationIsVisible = 0;
			defaultConfigurationName = Release;
		};
		1E683FB5256895E200921754 /* Build configuration list for PBXNativeTarget "Instagram" */ = {
			isa = XCConfigurationList;
			buildConfigurations = (
				1E683FB6256895E200921754 /* Debug */,
				1E683FB7256895E200921754 /* Release */,
			);
			defaultConfigurationIsVisible = 0;
			defaultConfigurationName = Release;
		};
		1E683FB8256895E200921754 /* Build configuration list for PBXNativeTarget "InstagramTests" */ = {
			isa = XCConfigurationList;
			buildConfigurations = (
				1E683FB9256895E200921754 /* Debug */,
				1E683FBA256895E200921754 /* Release */,
			);
			defaultConfigurationIsVisible = 0;
			defaultConfigurationName = Release;
		};
		1E683FBB256895E200921754 /* Build configuration list for PBXNativeTarget "InstagramUITests" */ = {
			isa = XCConfigurationList;
			buildConfigurations = (
				1E683FBC256895E200921754 /* Debug */,
				1E683FBD256895E200921754 /* Release */,
			);
			defaultConfigurationIsVisible = 0;
			defaultConfigurationName = Release;
		};
/* End XCConfigurationList section */
	};
	rootObject = 1E683F83256895DF00921754 /* Project object */;
}
